{
    "_meta": {
        "hash": {
            "sha256": "b74266f135f2a3f53d6d0e66dc70800fb1fd82de75e22ba676d85e0734b529a2"
        },
        "pipfile-spec": 6,
        "requires": {
            "python_version": "3.7"
        },
        "sources": [
            {
                "name": "pypi",
                "url": "https://pypi.org/simple",
                "verify_ssl": true
            }
        ]
    },
    "default": {
        "pycryptodomex": {
            "hashes": [
                "sha256:0fdce0ee392994152e27002bfae2aa40661344dd644061bcb7f88add2059bdae",
                "sha256:193b84f4a16f0f5699a54b1609ed4a6f8424fafb1fe554d5fb5423949e96e877",
                "sha256:2e06018d715ffebd3dc3cc78eb54f0c59144e319326c1460c220ec3a6bf0be06",
                "sha256:3cbbdc3d06787075001cdcbaf205f8aa88283928f80943d1c51153f585d0a630",
                "sha256:59c3dcd5374d03141d03b1920e8e07cc8f747f40a48cce9b8934f71204eaa76e",
                "sha256:5a2fd3bd42e32e92d56e81bd18a9d6e7c72a0498a86c0171bd0c13b22b949ccc",
                "sha256:5f40c5be29d70384ec0935b18af8f517d55ccdfebf86ea8f730747f0c35b4bce",
                "sha256:6258c2126ecf7fcf242cdef4a22754a026a20119eb8f48ea778686bbbfa22efe",
                "sha256:6d62bcdc2370fe37aa0e9997e142559eac1f311f70dbdba2372fbcb01644498e",
                "sha256:72f97af0d26fae5c80546b8358cd81b5934786cc43d2f37882f1ae0d8479c934",
                "sha256:845de8cd1cd827568bb923954eaf969111534e3a9cefc38e43372f2f3aa99837",
                "sha256:8ca56a59711d1fb5efd07dffec3f663ce76af51adc6fc2f3ddd6d37165126e84",
                "sha256:90a94b485fce88f1b0f8a001e8ae22ba37bfc248be44b4f089e2fad37953510f",
                "sha256:9af7f12f3a322c7c2355cc5a18b3dc6a7a5a7e54af2aae883ae6cd53efc2c4fd",
                "sha256:9c5e2441c051ea9cd7b03dc7f0b0f04cf5e6cd3c516a8d5125370200c9a556f3",
                "sha256:9f55302d5dd4a29693cd0b9ee4ac464fb423d69afcd1150c43d2ff212ef32349",
                "sha256:a3710619c9e4b033f999072ec90540fd6e775e044420c61cb62f15189b3f42a2",
                "sha256:a376880dcaf50a422abfe4fce57f23eef21d3a2d596872fdeee53ab6f914ccfb",
                "sha256:a6c002f3c9f93b828e312c60f6d7cd56996de09b5d50e9e9b90291db25fcb778",
                "sha256:a735175631e605975e91f7b334adbecf82dbc352828b17493f1c01cbe3ed3406",
                "sha256:bc58a2fe5d6ced54038b1d5586383322263d12ed75dcd89792263b003701b50e",
                "sha256:bd3c1f3062c3f04c45ef18b73e69347c48e3c822e72d0ec911464338897c2fea",
                "sha256:c30583ec24c33f3dc72cb2f7eb2af07d577b4169f8aafcbcf85934ea0c905490",
                "sha256:c59c83f1702131cc40d2ad395325e209f4f6c8c46f8b215d0432ef708e340565",
                "sha256:c869ef71b2dfc9316195a1e80c131aab45cea45f6e7cfc0d1c26375793f4f963",
                "sha256:c8c44eada2bccb16a05faf07822b6ee4e31c14d102485be4e1510ce21a194f53",
                "sha256:ccc4e619182e9136efa139e80a83b30dc5e85d6d12849925058cc4aeb07dfc49",
                "sha256:d3ea44f82a50bb94de225baef542bbe194d89f6b80f62351a09c1c0fd3023511",
                "sha256:e1104ad76fd0f5cc25950e202b57a9fa9ccaceb6732939fbadb5ba2d5e99275c",
                "sha256:ff7d28474ef2134fe3027b53fa3cf13ed5f776ce15d6209b0e48fbc7592f9396"
            ],
            "index": "pypi",
            "version": "==3.6.5"
        },
        "pyyaml": {
            "hashes": [
                "sha256:3d7da3009c0f3e783b2c873687652d83b1bbfd5c88e9813fb7e5b03c0dd3108b",
                "sha256:3ef3092145e9b70e3ddd2c7ad59bdd0252a94dfe3949721633e41344de00a6bf",
                "sha256:40c71b8e076d0550b2e6380bada1f1cd1017b882f7e16f09a65be98e017f211a",
                "sha256:558dd60b890ba8fd982e05941927a3911dc409a63dcb8b634feaa0cda69330d3",
                "sha256:a7c28b45d9f99102fa092bb213aa12e0aaf9a6a1f5e395d36166639c1f96c3a1",
                "sha256:aa7dd4a6a427aed7df6fb7f08a580d68d9b118d90310374716ae90b710280af1",
                "sha256:bc558586e6045763782014934bfaf39d48b8ae85a2713117d16c39864085c613",
                "sha256:d46d7982b62e0729ad0175a9bc7e10a566fc07b224d2c79fafb5e032727eaa04",
                "sha256:d5eef459e30b09f5a098b9cea68bebfeb268697f78d647bd255a085371ac7f3f",
                "sha256:e01d3203230e1786cd91ccfdc8f8454c8069c91bee3962ad93b87a4b2860f537",
                "sha256:e170a9e6fcfd19021dd29845af83bb79236068bf5fd4df3327c1be18182b2531"
            ],
            "index": "pypi",
            "version": "==3.13"
        }
    },
    "develop": {
        "appnope": {
            "hashes": [
                "sha256:5b26757dc6f79a3b7dc9fab95359328d5747fcb2409d331ea66d0272b90ab2a0",
                "sha256:8b995ffe925347a2138d7ac0fe77155e4311a0ea6d6da4f5128fe4b3cbe5ed71"
            ],
            "markers": "sys_platform == 'darwin'",
            "version": "==0.1.0"
        },
        "backcall": {
            "hashes": [
                "sha256:38ecd85be2c1e78f77fd91700c76e14667dc21e2713b63876c0eb901196e01e4",
                "sha256:bbbf4b1e5cd2bdb08f915895b51081c041bac22394fdfcfdfbe9f14b77c08bf2"
            ],
            "version": "==0.1.0"
        },
        "decorator": {
            "hashes": [
                "sha256:2c51dff8ef3c447388fe5e4453d24a2bf128d3a4c32af3fabef1f01c6851ab82",
                "sha256:c39efa13fbdeb4506c476c9b3babf6a718da943dab7811c206005a4a956c080c"
            ],
            "version": "==4.3.0"
        },
        "ipdb": {
            "hashes": [
                "sha256:7081c65ed7bfe7737f83fa4213ca8afd9617b42ff6b3f1daf9a3419839a2a00a"
            ],
            "index": "pypi",
            "version": "==0.11"
        },
        "ipython": {
            "hashes": [
                "sha256:007dcd929c14631f83daff35df0147ea51d1af420da303fd078343878bd5fb62",
                "sha256:b0f2ef9eada4a68ef63ee10b6dde4f35c840035c50fd24265f8052c98947d5a4"
            ],
            "index": "pypi",
            "version": "==6.5.0"
        },
        "ipython-genutils": {
            "hashes": [
                "sha256:72dd37233799e619666c9f639a9da83c34013a73e8bbc79a7a6348d93c61fab8",
                "sha256:eb2e116e75ecef9d4d228fdc66af54269afa26ab4463042e33785b887c628ba8"
            ],
            "version": "==0.2.0"
        },
        "jedi": {
            "hashes": [
                "sha256:b409ed0f6913a701ed474a614a3bb46e6953639033e31f769ca7581da5bd1ec1",
                "sha256:c254b135fb39ad76e78d4d8f92765ebc9bf92cbc76f49e97ade1d5f5121e1f6f"
            ],
            "version": "==0.12.1"
        },
        "parso": {
            "hashes": [
                "sha256:35704a43a3c113cce4de228ddb39aab374b8004f4f2407d070b6a2ca784ce8a2",
                "sha256:895c63e93b94ac1e1690f5fdd40b65f07c8171e3e53cbd7793b5b96c0e0a7f24"
            ],
            "version": "==0.3.1"
        },
        "pexpect": {
            "hashes": [
                "sha256:2a8e88259839571d1251d278476f3eec5db26deb73a70be5ed5dc5435e418aba",
                "sha256:3fbd41d4caf27fa4a377bfd16fef87271099463e6fa73e92a52f92dfee5d425b"
            ],
            "markers": "sys_platform != 'win32'",
            "version": "==4.6.0"
        },
        "pickleshare": {
            "hashes": [
                "sha256:84a9257227dfdd6fe1b4be1319096c20eb85ff1e82c7932f36efccfe1b09737b",
                "sha256:c9a2541f25aeabc070f12f452e1f2a8eae2abd51e1cd19e8430402bdf4c1d8b5"
            ],
            "version": "==0.7.4"
        },
        "prompt-toolkit": {
            "hashes": [
                "sha256:1df952620eccb399c53ebb359cc7d9a8d3a9538cb34c5a1344bdbeb29fbcc381",
                "sha256:3f473ae040ddaa52b52f97f6b4a493cfa9f5920c255a12dc56a7d34397a398a4",
                "sha256:858588f1983ca497f1cf4ffde01d978a3ea02b01c8a26a8bbc5cd2e66d816917"
            ],
            "version": "==1.0.15"
        },
        "ptyprocess": {
            "hashes": [
                "sha256:923f299cc5ad920c68f2bc0bc98b75b9f838b93b599941a6b63ddbc2476394c0",
                "sha256:d7cc528d76e76342423ca640335bd3633420dc1366f258cb31d05e865ef5ca1f"
            ],
            "version": "==0.6.0"
        },
        "pygments": {
            "hashes": [
                "sha256:78f3f434bcc5d6ee09020f92ba487f95ba50f1e3ef83ae96b9d5ffa1bab25c5d",
                "sha256:dbae1046def0efb574852fab9e90209b23f556367b5a320c0bcb871c77c3e8cc"
            ],
            "version": "==2.2.0"
        },
        "simplegeneric": {
            "hashes": [
                "sha256:dc972e06094b9af5b855b3df4a646395e43d1c9d0d39ed345b7393560d0b9173"
            ],
            "version": "==0.8.1"
        },
        "six": {
            "hashes": [
                "sha256:70e8a77beed4562e7f14fe23a786b54f6296e34344c23bc42f07b15018ff98e9",
                "sha256:832dc0e10feb1aa2c68dcc57dbb658f1c7e65b9b61af69048abc87a2db00a0eb"
            ],
            "version": "==1.11.0"
        },
        "traitlets": {
            "hashes": [
                "sha256:9c4bd2d267b7153df9152698efb1050a5d84982d3384a37b2c1f7723ba3e7835",
                "sha256:c6cb5e6f57c5a9bdaa40fa71ce7b4af30298fbab9ece9815b5d995ab6217c7d9"
            ],
            "version": "==4.3.2"
        },
        "wcwidth": {
            "hashes": [
                "sha256:3df37372226d6e63e1b1e1eda15c594bca98a22d33a23832a90998faa96bc65e",
                "sha256:f4ebe71925af7b40a864553f761ed559b43544f8f71746c2d756c7fe788ade7c"
            ],
            "version": "==0.1.7"
        }
    }
}
